
Microsoft Visual Studio Solution File, Format Version 12.00
# Visual Studio Version 16
VisualStudioVersion = 16.0.30621.155
MinimumVisualStudioVersion = 10.0.40219.1
Project("{8BC9CEB8-8B4A-11D0-8D11-00A0C91BC942}") = "C867 David Sainvilus", "C867\C867.vcxproj", "{E8EA8BE0-79D5-487D-B50C-35A075D51128}"
EndProject
Global
	GlobalSection(SolutionConfigurationPlatforms) = preSolution
		Debug|x64 = Debug|x64
		Debug|x86 = Debug|x86
		Release|x64 = Release|x64
		Release|x86 = Release|x86
	EndGlobalSection
	GlobalSection(ProjectConfigurationPlatforms) = postSolution
		{E8EA8BE0-79D5-487D-B50C-35A075D51128}.Debug|x64.ActiveCfg = Debug|x64
		{E8EA8BE0-79D5-487D-B50C-35A075D51128}.Debug|x64.Build.0 = Debug|x64
		{E8EA8BE0-79D5-487D-B50C-35A075D51128}.Debug|x86.ActiveCfg = Debug|Win32
		{E8EA8BE0-79D5-487D-B50C-35A075D51128}.Debug|x86.Build.0 = Debug|Win32
		{E8EA8BE0-79D5-487D-B50C-35A075D51128}.Release|x64.ActiveCfg = Release|x64
		{E8EA8BE0-79D5-487D-B50C-35A075D51128}.Release|x64.Build.0 = Release|x64
		{E8EA8BE0-79D5-487D-B50C-35A075D51128}.Release|x86.ActiveCfg = Release|Win32
		{E8EA8BE0-79D5-487D-B50C-35A075D51128}.Release|x86.Build.0 = Release|Win32
	EndGlobalSection
	GlobalSection(SolutionProperties) = preSolution
		HideSolutionNode = FALSE
	EndGlobalSection
	GlobalSection(ExtensibilityGlobals) = postSolution
		SolutionGuid = {BD51E369-DE96-48FA-835E-7DE292CF25E9}
	EndGlobalSection
EndGlobal
